<?xml version="1.0" encoding="utf-8"?>
<Project ToolsVersion="4.0" xmlns="http://schemas.microsoft.com/developer/msbuild/2003">
  <ItemGroup>
    <Filter Include="ソース ファイル">
      <UniqueIdentifier>{4FC737F1-C7A5-4376-A066-2A32D752A2FF}</UniqueIdentifier>
      <Extensions>cpp;c;cc;cxx;def;odl;idl;hpj;bat;asm;asmx</Extensions>
    </Filter>
    <Filter Include="ヘッダー ファイル">
      <UniqueIdentifier>{93995380-89BD-4b04-88EB-625FBE52EBFB}</UniqueIdentifier>
      <Extensions>h;hh;hpp;hxx;hm;inl;inc;ipp;xsd</Extensions>
    </Filter>
    <Filter Include="リソース ファイル">
      <UniqueIdentifier>{67DA6AB6-F800-4c08-8B7A-83BB121AAD01}</UniqueIdentifier>
      <Extensions>rc;ico;cur;bmp;dlg;rc2;rct;bin;rgs;gif;jpg;jpeg;jpe;resx;tiff;tif;png;wav;mfcribbon-ms</Extensions>
    </Filter>
    <Filter Include="main">
      <UniqueIdentifier>{4947a7e1-4773-42c2-9ef4-d2b7fd3343b6}</UniqueIdentifier>
    </Filter>
    <Filter Include="Singleton">
      <UniqueIdentifier>{2a5b70e1-7980-4b76-aa8b-6d338f1d488f}</UniqueIdentifier>
    </Filter>
    <Filter Include="Window">
      <UniqueIdentifier>{bf3bce45-14b2-40e5-8613-5b8c6cbed519}</UniqueIdentifier>
    </Filter>
    <Filter Include="Window\RectSize">
      <UniqueIdentifier>{ef9d7d0e-2c71-4413-a87c-212fdf0339e7}</UniqueIdentifier>
    </Filter>
    <Filter Include="Device">
      <UniqueIdentifier>{e8a9279c-74dd-4eac-9b2e-b88a361c903e}</UniqueIdentifier>
    </Filter>
    <Filter Include="Device\DirectXDevices">
      <UniqueIdentifier>{3b518004-646a-4878-b0b4-22b62e891e4f}</UniqueIdentifier>
    </Filter>
    <Filter Include="Device\DirectXDevices\Factory">
      <UniqueIdentifier>{885bf926-36ec-453b-9947-615be30228b6}</UniqueIdentifier>
    </Filter>
    <Filter Include="Device\DirectXGraphicDevice">
      <UniqueIdentifier>{6b220d8b-a39b-4ca7-930e-003f4bf2c736}</UniqueIdentifier>
    </Filter>
    <Filter Include="Device\DirectXGraphicDevice\PresentParam">
      <UniqueIdentifier>{9beb4ae6-1dbf-48df-9e50-e0f9495fb9b1}</UniqueIdentifier>
    </Filter>
    <Filter Include="Device\DirectXDevice">
      <UniqueIdentifier>{c9146656-fed2-45d9-9174-f5a9a8de7abd}</UniqueIdentifier>
    </Filter>
    <Filter Include="Device\DirectXInputDevice">
      <UniqueIdentifier>{fdd5b5d7-6693-4b1b-a689-0a1b7b212c3c}</UniqueIdentifier>
    </Filter>
    <Filter Include="GameBaseMaker">
      <UniqueIdentifier>{76d67de9-b48b-4399-8bca-80455c56611c}</UniqueIdentifier>
    </Filter>
    <Filter Include="GameBaseMaker\Graphics">
      <UniqueIdentifier>{d4e018e3-d4b5-4847-a0dc-e168eb2c896d}</UniqueIdentifier>
    </Filter>
    <Filter Include="GameBaseMaker\Graphics\Renderer">
      <UniqueIdentifier>{8dfa9d5d-53a1-446a-aeb0-eac2cced7b9c}</UniqueIdentifier>
    </Filter>
    <Filter Include="GameBaseMaker\Graphics\Textures">
      <UniqueIdentifier>{6587849d-b109-46d7-b36b-2d5977e7b651}</UniqueIdentifier>
    </Filter>
    <Filter Include="GameBaseMaker\Graphics\Textures\Texture">
      <UniqueIdentifier>{e1a1b808-fdef-499b-a51e-10d95ec2b9ab}</UniqueIdentifier>
    </Filter>
    <Filter Include="GameBaseMaker\Input">
      <UniqueIdentifier>{fa4e13dd-3f5c-4b90-b4cb-9890c0cf1d7a}</UniqueIdentifier>
    </Filter>
    <Filter Include="GameBaseMaker\Input\InputDevice">
      <UniqueIdentifier>{92b2de85-d7c9-465a-a192-5182af6056b8}</UniqueIdentifier>
    </Filter>
    <Filter Include="GameBaseMaker\Input\DirectXInput">
      <UniqueIdentifier>{7ccb97a6-fbd7-4c85-9812-40c073d6da4c}</UniqueIdentifier>
    </Filter>
    <Filter Include="GameBaseMaker\Vertices">
      <UniqueIdentifier>{7ce3ca68-88f8-454a-a862-2f6babe742bb}</UniqueIdentifier>
    </Filter>
    <Filter Include="GameBaseMaker\Color">
      <UniqueIdentifier>{5c2d0b6f-875a-4490-950c-2d87e1d3a2bc}</UniqueIdentifier>
    </Filter>
    <Filter Include="GameBaseMaker\TextureUV">
      <UniqueIdentifier>{7bbe2096-8f21-4958-99ac-fd64cf1cf1ec}</UniqueIdentifier>
    </Filter>
    <Filter Include="GameBaseMaker\Graphics\ColorBlender">
      <UniqueIdentifier>{b991feaa-1691-4a7e-9e4e-f8a43402aea8}</UniqueIdentifier>
    </Filter>
  </ItemGroup>
  <ItemGroup>
    <ClCompile Include="main\main.cpp">
      <Filter>main</Filter>
    </ClCompile>
    <ClCompile Include="Singleton\Singleton.cpp">
      <Filter>Singleton</Filter>
    </ClCompile>
    <ClCompile Include="Wnd\Wnd.cpp">
      <Filter>Window</Filter>
    </ClCompile>
    <ClCompile Include="Device\DirectXDevices\DirectXDevices.cpp">
      <Filter>Device\DirectXDevices</Filter>
    </ClCompile>
    <ClCompile Include="Device\DirectXGraphicDevice\DirectXGraphicDevice.cpp">
      <Filter>Device\DirectXGraphicDevice</Filter>
    </ClCompile>
    <ClCompile Include="Device\DirectXGraphicDevice\PresentParam\PresentParam.cpp">
      <Filter>Device\DirectXGraphicDevice\PresentParam</Filter>
    </ClCompile>
    <ClCompile Include="Device\DirectXDevice\DirectXDevice.cpp">
      <Filter>Device\DirectXDevice</Filter>
    </ClCompile>
    <ClCompile Include="Device\DirectXInputDevice\DirectXInputDevice.cpp">
      <Filter>Device\DirectXInputDevice</Filter>
    </ClCompile>
    <ClCompile Include="GameBaseMaker\GameBaseMaker.cpp">
      <Filter>GameBaseMaker</Filter>
    </ClCompile>
    <ClCompile Include="GameBaseMaker\Graphics\Graphics.cpp">
      <Filter>GameBaseMaker\Graphics</Filter>
    </ClCompile>
    <ClCompile Include="GameBaseMaker\Input\Input.cpp">
      <Filter>GameBaseMaker\Input</Filter>
    </ClCompile>
    <ClCompile Include="GameBaseMaker\Graphics\Renderer\Renderer.cpp">
      <Filter>GameBaseMaker\Graphics\Renderer</Filter>
    </ClCompile>
    <ClCompile Include="GameBaseMaker\Graphics\Textures\Textures.cpp">
      <Filter>GameBaseMaker\Graphics\Textures</Filter>
    </ClCompile>
    <ClCompile Include="GameBaseMaker\Graphics\Textures\Texture\Texture.cpp">
      <Filter>GameBaseMaker\Graphics\Textures\Texture</Filter>
    </ClCompile>
    <ClCompile Include="GameBaseMaker\Input\DirectXInput\Keyboard.cpp">
      <Filter>GameBaseMaker\Input\DirectXInput</Filter>
    </ClCompile>
    <ClCompile Include="GameBaseMaker\Input\DirectXInput\Mouse.cpp">
      <Filter>GameBaseMaker\Input\DirectXInput</Filter>
    </ClCompile>
    <ClCompile Include="GameBaseMaker\Vertices\CustomVertices.cpp">
      <Filter>GameBaseMaker\Vertices</Filter>
    </ClCompile>
    <ClCompile Include="GameBaseMaker\Color\Color.cpp">
      <Filter>GameBaseMaker\Color</Filter>
    </ClCompile>
    <ClCompile Include="GameBaseMaker\TextureUV\TextureUV.cpp">
      <Filter>GameBaseMaker\TextureUV</Filter>
    </ClCompile>
    <ClCompile Include="GameBaseMaker\Vertices\Vertices.cpp">
      <Filter>GameBaseMaker\Vertices</Filter>
    </ClCompile>
    <ClCompile Include="GameBaseMaker\Graphics\ColorBlender\ColorBlender.cpp">
      <Filter>GameBaseMaker\Graphics\ColorBlender</Filter>
    </ClCompile>
  </ItemGroup>
  <ItemGroup>
    <ClInclude Include="Singleton\Singleton.h">
      <Filter>Singleton</Filter>
    </ClInclude>
    <ClInclude Include="Wnd\Wnd.h">
      <Filter>Window</Filter>
    </ClInclude>
    <ClInclude Include="Wnd\Data\RectSize.h">
      <Filter>Window\RectSize</Filter>
    </ClInclude>
    <ClInclude Include="Device\DirectXDevices\DirectXDevices.h">
      <Filter>Device\DirectXDevices</Filter>
    </ClInclude>
    <ClInclude Include="Device\DirectXDevices\DeviceFactory\DeviceFactory.h">
      <Filter>Device\DirectXDevices\Factory</Filter>
    </ClInclude>
    <ClInclude Include="Device\DirectXGraphicDevice\DirectXGraphicDevice.h">
      <Filter>Device\DirectXGraphicDevice</Filter>
    </ClInclude>
    <ClInclude Include="Device\DirectXGraphicDevice\PresentParam\PresentParam.h">
      <Filter>Device\DirectXGraphicDevice\PresentParam</Filter>
    </ClInclude>
    <ClInclude Include="Device\DirectXDevice\DirectXDevice.h">
      <Filter>Device\DirectXDevice</Filter>
    </ClInclude>
    <ClInclude Include="Device\DirectXInputDevice\DirectXInputDevice.h">
      <Filter>Device\DirectXInputDevice</Filter>
    </ClInclude>
    <ClInclude Include="GameBaseMaker\GameBaseMaker.h">
      <Filter>GameBaseMaker</Filter>
    </ClInclude>
    <ClInclude Include="GameBaseMaker\Graphics\Graphics.h">
      <Filter>GameBaseMaker\Graphics</Filter>
    </ClInclude>
    <ClInclude Include="GameBaseMaker\Input\Input.h">
      <Filter>GameBaseMaker\Input</Filter>
    </ClInclude>
    <ClInclude Include="GameBaseMaker\Graphics\Renderer\Renderer.h">
      <Filter>GameBaseMaker\Graphics\Renderer</Filter>
    </ClInclude>
    <ClInclude Include="GameBaseMaker\Graphics\Textures\Textures.h">
      <Filter>GameBaseMaker\Graphics\Textures</Filter>
    </ClInclude>
    <ClInclude Include="GameBaseMaker\Graphics\Textures\Texture\Texture.h">
      <Filter>GameBaseMaker\Graphics\Textures\Texture</Filter>
    </ClInclude>
    <ClInclude Include="GameBaseMaker\Input\InputDevice\InputDevice.h">
      <Filter>GameBaseMaker\Input\InputDevice</Filter>
    </ClInclude>
    <ClInclude Include="GameBaseMaker\Input\DirectXInput\Keyboard.h">
      <Filter>GameBaseMaker\Input\DirectXInput</Filter>
    </ClInclude>
    <ClInclude Include="GameBaseMaker\Input\DirectXInput\Mouse.h">
      <Filter>GameBaseMaker\Input\DirectXInput</Filter>
    </ClInclude>
    <ClInclude Include="GameBaseMaker\Vertices\CustomVertices.h">
      <Filter>GameBaseMaker\Vertices</Filter>
    </ClInclude>
    <ClInclude Include="GameBaseMaker\Color\Color.h">
      <Filter>GameBaseMaker\Color</Filter>
    </ClInclude>
    <ClInclude Include="GameBaseMaker\TextureUV\TextureUV.h">
      <Filter>GameBaseMaker\TextureUV</Filter>
    </ClInclude>
    <ClInclude Include="GameBaseMaker\Vertices\Vertices.h">
      <Filter>GameBaseMaker\Vertices</Filter>
    </ClInclude>
    <ClInclude Include="GameBaseMaker\Graphics\ColorBlender\ColorBlender.h">
      <Filter>GameBaseMaker\Graphics\ColorBlender</Filter>
    </ClInclude>
  </ItemGroup>
</Project>