<?xml version="1.0" encoding="utf-8"?>
<Project ToolsVersion="4.0" xmlns="http://schemas.microsoft.com/developer/msbuild/2003">
  <ItemGroup>
    <Filter Include="ソース ファイル">
      <UniqueIdentifier>{4FC737F1-C7A5-4376-A066-2A32D752A2FF}</UniqueIdentifier>
      <Extensions>cpp;c;cc;cxx;def;odl;idl;hpj;bat;asm;asmx</Extensions>
    </Filter>
    <Filter Include="ヘッダー ファイル">
      <UniqueIdentifier>{93995380-89BD-4b04-88EB-625FBE52EBFB}</UniqueIdentifier>
      <Extensions>h;hh;hpp;hxx;hm;inl;inc;ipp;xsd</Extensions>
    </Filter>
    <Filter Include="リソース ファイル">
      <UniqueIdentifier>{67DA6AB6-F800-4c08-8B7A-83BB121AAD01}</UniqueIdentifier>
      <Extensions>rc;ico;cur;bmp;dlg;rc2;rct;bin;rgs;gif;jpg;jpeg;jpe;resx;tiff;tif;png;wav;mfcribbon-ms</Extensions>
    </Filter>
    <Filter Include="Device">
      <UniqueIdentifier>{0020956c-2998-45b7-bc0e-b260edd97de4}</UniqueIdentifier>
    </Filter>
    <Filter Include="Device\DirectXDevice">
      <UniqueIdentifier>{82225d64-b1e9-476f-9dd2-4161711b34cb}</UniqueIdentifier>
    </Filter>
    <Filter Include="Device\DirectXDevices">
      <UniqueIdentifier>{9464159f-6cd9-4002-bdd1-30bd1c75ee3d}</UniqueIdentifier>
    </Filter>
    <Filter Include="Device\DirectXGraphicDevice">
      <UniqueIdentifier>{b6cfcd7f-89c7-45c0-a7e9-6f72dec213d2}</UniqueIdentifier>
    </Filter>
    <Filter Include="Device\DirectXInputDevice">
      <UniqueIdentifier>{d9259487-658b-4241-8de3-aa367357f7e6}</UniqueIdentifier>
    </Filter>
    <Filter Include="Device\DirectXDevices\DeviceFactory">
      <UniqueIdentifier>{546de5bc-edcb-4b42-b635-33c5b6796ef4}</UniqueIdentifier>
    </Filter>
    <Filter Include="Device\DirectXGraphicDevice\PresentParam">
      <UniqueIdentifier>{7d364613-3b95-4971-b9ba-e01312319224}</UniqueIdentifier>
    </Filter>
    <Filter Include="GameBaseMaker">
      <UniqueIdentifier>{d01c64f1-6def-4682-978f-beb3d54a5011}</UniqueIdentifier>
    </Filter>
    <Filter Include="GameBaseMaker\Graphics">
      <UniqueIdentifier>{5b0ec1cb-e666-475b-89f7-afed708d73e7}</UniqueIdentifier>
    </Filter>
    <Filter Include="GameBaseMaker\Graphics\ColorBlender">
      <UniqueIdentifier>{f8820d14-9179-4a05-b066-490416b2b968}</UniqueIdentifier>
    </Filter>
    <Filter Include="GameBaseMaker\Graphics\Renderer">
      <UniqueIdentifier>{d753c173-586f-4c3b-826d-f0308cd5d664}</UniqueIdentifier>
    </Filter>
    <Filter Include="GameBaseMaker\Graphics\Textures">
      <UniqueIdentifier>{54c87b4b-7bf2-4890-963e-7b3b8286bfc9}</UniqueIdentifier>
    </Filter>
    <Filter Include="GameBaseMaker\Graphics\Textures\Texture">
      <UniqueIdentifier>{a3312c28-d328-4ad1-82e1-31b9f1a574e2}</UniqueIdentifier>
    </Filter>
    <Filter Include="GameBaseMaker\Input">
      <UniqueIdentifier>{57c30680-f2d7-4edb-8d71-2a1c44a928a7}</UniqueIdentifier>
    </Filter>
    <Filter Include="GameBaseMaker\Input\InputDevice">
      <UniqueIdentifier>{5d4d94be-f0b7-4a7f-b763-4f17f5523d94}</UniqueIdentifier>
    </Filter>
    <Filter Include="GameBaseMaker\Input\DirectXInput">
      <UniqueIdentifier>{d1cbf327-9d05-4af4-a7f5-15a719474ca8}</UniqueIdentifier>
    </Filter>
    <Filter Include="GameBaseMaker\Color">
      <UniqueIdentifier>{dfc69c45-cd51-43b3-bc85-8c29294957cb}</UniqueIdentifier>
    </Filter>
    <Filter Include="GameBaseMaker\TextureUV">
      <UniqueIdentifier>{893cb1ed-7474-464c-b3e0-87e91837a1b9}</UniqueIdentifier>
    </Filter>
    <Filter Include="GameBaseMaker\Vertices">
      <UniqueIdentifier>{c74c7ac0-2dab-42ef-b55e-a8fa5be96d24}</UniqueIdentifier>
    </Filter>
    <Filter Include="Wnd">
      <UniqueIdentifier>{e0817262-df98-4bb1-a93d-d950b3525022}</UniqueIdentifier>
    </Filter>
    <Filter Include="Wnd\Data">
      <UniqueIdentifier>{c967b1ba-079f-4d33-8f1a-2a962c7fdd7e}</UniqueIdentifier>
    </Filter>
    <Filter Include="Singleton">
      <UniqueIdentifier>{1b6c05d4-3cbd-4b39-b714-7e75f2e29b46}</UniqueIdentifier>
    </Filter>
    <Filter Include="main">
      <UniqueIdentifier>{08b8fe20-c34e-4b91-a2fa-64ab006a9bf3}</UniqueIdentifier>
    </Filter>
    <Filter Include="GameObjects">
      <UniqueIdentifier>{c9c21678-01a7-4ee8-b7ca-20f3276951de}</UniqueIdentifier>
    </Filter>
    <Filter Include="GameObjects\GameObject">
      <UniqueIdentifier>{069bfa90-88b1-4c4b-a925-1ddea2f6f696}</UniqueIdentifier>
    </Filter>
    <Filter Include="SceneManager">
      <UniqueIdentifier>{8f0a11b6-d868-4348-a76a-7c537e86ec11}</UniqueIdentifier>
    </Filter>
    <Filter Include="SceneManager\Scene">
      <UniqueIdentifier>{3699e032-aed5-48cc-8efb-52313aaaffea}</UniqueIdentifier>
    </Filter>
    <Filter Include="SceneManager\Scene\TitleScene">
      <UniqueIdentifier>{8678d7d7-c96c-4263-a1bc-c288edd234a7}</UniqueIdentifier>
    </Filter>
    <Filter Include="SceneManager\Scene\TitleScene\BackGround">
      <UniqueIdentifier>{2613cd93-b74f-439d-898a-2509e9dab9d5}</UniqueIdentifier>
    </Filter>
    <Filter Include="SceneManager\Scene\TitleScene\Logo">
      <UniqueIdentifier>{0e8040cf-c08c-4cfc-a5dd-5b8b1b4eeeb9}</UniqueIdentifier>
    </Filter>
    <Filter Include="SceneManager\Scene\TitleScene\Menu">
      <UniqueIdentifier>{47b1532f-84ad-49cf-83e7-db5d58f7534d}</UniqueIdentifier>
    </Filter>
    <Filter Include="GameBaseMaker\Sound">
      <UniqueIdentifier>{b78126fe-1e59-4bcd-af6a-13f4819419dd}</UniqueIdentifier>
    </Filter>
    <Filter Include="SceneManager\Scene\GameScene">
      <UniqueIdentifier>{be4223c7-aa2d-44ec-90dc-828e771a4f23}</UniqueIdentifier>
    </Filter>
    <Filter Include="SceneManager\Scene\TitleScene\Bubbles">
      <UniqueIdentifier>{f8592a7f-9164-4a96-baa9-91b6b6263bc6}</UniqueIdentifier>
    </Filter>
    <Filter Include="SceneManager\Scene\GameScene\Camera">
      <UniqueIdentifier>{83d15171-167c-4e8e-af31-45d4ec8dee81}</UniqueIdentifier>
    </Filter>
    <Filter Include="SceneManager\Scene\GameScene\Cell">
      <UniqueIdentifier>{9947674b-1d67-47e8-a17c-76442a889b56}</UniqueIdentifier>
    </Filter>
    <Filter Include="SceneManager\Scene\GameScene\Stage">
      <UniqueIdentifier>{0fb3b1b2-a002-4fc7-9654-4ea7af71c204}</UniqueIdentifier>
    </Filter>
    <Filter Include="SceneManager\Scene\GameScene\Player">
      <UniqueIdentifier>{a643b271-5ae8-4ba9-845a-2c3596e0e796}</UniqueIdentifier>
    </Filter>
    <Filter Include="SceneManager\Scene\GameScene\World">
      <UniqueIdentifier>{5d6b3e69-9914-40ea-82e5-631e1613c553}</UniqueIdentifier>
    </Filter>
    <Filter Include="SceneManager\Scene\GameScene\Player\Action">
      <UniqueIdentifier>{5445608a-b96d-4c1e-a95b-3cd1371bca74}</UniqueIdentifier>
    </Filter>
    <Filter Include="SceneManager\Scene\GameScene\Player\Action\Autotomy">
      <UniqueIdentifier>{7652a714-3d4e-4950-b55e-c47f679c8225}</UniqueIdentifier>
    </Filter>
    <Filter Include="SceneManager\Scene\GameScene\Player\Action\Avatar">
      <UniqueIdentifier>{66309817-8471-40ac-ac3f-e59d5a037226}</UniqueIdentifier>
    </Filter>
    <Filter Include="SceneManager\Scene\GameScene\Cell\Block">
      <UniqueIdentifier>{9392c829-7d3a-4f4f-8cc4-cc5bbc7b4014}</UniqueIdentifier>
    </Filter>
    <Filter Include="SceneManager\Scene\GameScene\Enemies">
      <UniqueIdentifier>{5ca200bd-b48b-46c1-ac4a-fc1118b1e3ad}</UniqueIdentifier>
    </Filter>
    <Filter Include="SceneManager\Scene\GameScene\Enemies\Enemy">
      <UniqueIdentifier>{b8387e6a-ac53-412e-8487-6de6b01143b6}</UniqueIdentifier>
    </Filter>
    <Filter Include="SceneManager\Scene\GameScene\Enum">
      <UniqueIdentifier>{6d0ac90e-23c2-418d-b32a-d749b0bf573f}</UniqueIdentifier>
    </Filter>
    <Filter Include="SceneManager\Scene\GameScene\Enemies\Enemy\BaseEnemyAction">
      <UniqueIdentifier>{f0f1ea33-8c61-4f1d-8274-f15f5113f639}</UniqueIdentifier>
    </Filter>
    <Filter Include="SceneManager\Scene\GameScene\Enemies\Enemy\BaseEnemyAction\Patrol">
      <UniqueIdentifier>{27c83321-4597-4609-b53f-5005439bf0a0}</UniqueIdentifier>
    </Filter>
    <Filter Include="SceneManager\Scene\GameScene\Enemies\Enemy\BaseEnemyAction\L_Shaped">
      <UniqueIdentifier>{60ec070e-ffbc-4d5b-9469-2cd8f1dab548}</UniqueIdentifier>
    </Filter>
    <Filter Include="SceneManager\Scene\GameScene\Enemies\Enemy\BaseEnemyAction\StraightLine">
      <UniqueIdentifier>{cbe4cd34-dd86-48c2-b8da-8587f809f38d}</UniqueIdentifier>
    </Filter>
    <Filter Include="SceneManager\Scene\GameScene\Player\UI">
      <UniqueIdentifier>{cb0bc57c-a17b-412c-8e06-78b68c74c8bf}</UniqueIdentifier>
    </Filter>
  </ItemGroup>
  <ItemGroup>
    <ClCompile Include="Device\DirectXDevice\DirectXDevice.cpp">
      <Filter>Device\DirectXDevice</Filter>
    </ClCompile>
    <ClCompile Include="Device\DirectXDevices\DirectXDevices.cpp">
      <Filter>Device\DirectXDevices</Filter>
    </ClCompile>
    <ClCompile Include="Device\DirectXGraphicDevice\DirectXGraphicDevice.cpp">
      <Filter>Device\DirectXGraphicDevice</Filter>
    </ClCompile>
    <ClCompile Include="Device\DirectXGraphicDevice\PresentParam\PresentParam.cpp">
      <Filter>Device\DirectXGraphicDevice\PresentParam</Filter>
    </ClCompile>
    <ClCompile Include="Device\DirectXInputDevice\DirectXInputDevice.cpp">
      <Filter>Device\DirectXInputDevice</Filter>
    </ClCompile>
    <ClCompile Include="GameBaseMaker\GameBaseMaker.cpp">
      <Filter>GameBaseMaker</Filter>
    </ClCompile>
    <ClCompile Include="GameBaseMaker\Graphics\ColorBlender\ColorBlender.cpp">
      <Filter>GameBaseMaker\Graphics\ColorBlender</Filter>
    </ClCompile>
    <ClCompile Include="GameBaseMaker\Graphics\Renderer\Renderer.cpp">
      <Filter>GameBaseMaker\Graphics\Renderer</Filter>
    </ClCompile>
    <ClCompile Include="GameBaseMaker\Graphics\Textures\Textures.cpp">
      <Filter>GameBaseMaker\Graphics\Textures</Filter>
    </ClCompile>
    <ClCompile Include="GameBaseMaker\Graphics\Textures\Texture\Texture.cpp">
      <Filter>GameBaseMaker\Graphics\Textures\Texture</Filter>
    </ClCompile>
    <ClCompile Include="GameBaseMaker\Input\DirectXInput\Mouse.cpp">
      <Filter>GameBaseMaker\Input\DirectXInput</Filter>
    </ClCompile>
    <ClCompile Include="GameBaseMaker\Input\DirectXInput\Keyboard.cpp">
      <Filter>GameBaseMaker\Input\DirectXInput</Filter>
    </ClCompile>
    <ClCompile Include="GameBaseMaker\Color\Color.cpp">
      <Filter>GameBaseMaker\Color</Filter>
    </ClCompile>
    <ClCompile Include="GameBaseMaker\TextureUV\TextureUV.cpp">
      <Filter>GameBaseMaker\TextureUV</Filter>
    </ClCompile>
    <ClCompile Include="GameBaseMaker\Vertices\Vertices.cpp">
      <Filter>GameBaseMaker\Vertices</Filter>
    </ClCompile>
    <ClCompile Include="GameBaseMaker\Vertices\CustomVertices.cpp">
      <Filter>GameBaseMaker\Vertices</Filter>
    </ClCompile>
    <ClCompile Include="Wnd\Wnd.cpp">
      <Filter>Wnd</Filter>
    </ClCompile>
    <ClCompile Include="Singleton\Singleton.cpp">
      <Filter>Singleton</Filter>
    </ClCompile>
    <ClCompile Include="main\main.cpp">
      <Filter>main</Filter>
    </ClCompile>
    <ClCompile Include="SceneManager\SceneManager.cpp">
      <Filter>SceneManager</Filter>
    </ClCompile>
    <ClCompile Include="SceneManager\Scene\TitleScene\Logo\TitleLogo.cpp">
      <Filter>SceneManager\Scene\TitleScene\Logo</Filter>
    </ClCompile>
    <ClCompile Include="SceneManager\Scene\TitleScene\Menu\TitleMenu.cpp">
      <Filter>SceneManager\Scene\TitleScene\Menu</Filter>
    </ClCompile>
    <ClCompile Include="GameObjects\GameObjects.cpp">
      <Filter>GameObjects\GameObject</Filter>
    </ClCompile>
    <ClCompile Include="GameBaseMaker\Sound\Sound.cpp">
      <Filter>GameBaseMaker\Sound</Filter>
    </ClCompile>
    <ClCompile Include="SceneManager\Scene\TitleScene\Bubbles\Bubbles.cpp">
      <Filter>SceneManager\Scene\TitleScene\Bubbles</Filter>
    </ClCompile>
    <ClCompile Include="SceneManager\Scene\GameScene\Camera\Camera.cpp">
      <Filter>SceneManager\Scene\GameScene\Camera</Filter>
    </ClCompile>
    <ClCompile Include="SceneManager\Scene\GameScene\Cell\BaseCell.cpp">
      <Filter>SceneManager\Scene\GameScene\Cell</Filter>
    </ClCompile>
    <ClCompile Include="SceneManager\Scene\GameScene\Cell\Block\BlockCell.cpp">
      <Filter>SceneManager\Scene\GameScene\Cell\Block</Filter>
    </ClCompile>
    <ClCompile Include="SceneManager\Scene\GameScene\Player\Player.cpp">
      <Filter>SceneManager\Scene\GameScene\Player</Filter>
    </ClCompile>
    <ClCompile Include="SceneManager\Scene\GameScene\Stage\Stage.cpp">
      <Filter>SceneManager\Scene\GameScene\Stage</Filter>
    </ClCompile>
    <ClCompile Include="SceneManager\Scene\GameScene\World\World.cpp">
      <Filter>SceneManager\Scene\GameScene\World</Filter>
    </ClCompile>
    <ClCompile Include="SceneManager\Scene\GameScene\Enemies\Enemies.cpp">
      <Filter>SceneManager\Scene\GameScene\Enemies</Filter>
    </ClCompile>
    <ClCompile Include="SceneManager\Scene\GameScene\Enemies\Enemy\Enemy.cpp">
      <Filter>SceneManager\Scene\GameScene\Enemies\Enemy</Filter>
    </ClCompile>
    <ClCompile Include="SceneManager\Scene\GameScene\Enemies\Enemy\BaseEnemyAction\Patorl\Patrol.cpp">
      <Filter>SceneManager\Scene\GameScene\Enemies\Enemy\BaseEnemyAction\Patrol</Filter>
    </ClCompile>
    <ClCompile Include="SceneManager\Scene\GameScene\Enemies\Enemy\BaseEnemyAction\L_Shaped\L_Shaped.cpp">
      <Filter>SceneManager\Scene\GameScene\Enemies\Enemy\BaseEnemyAction\L_Shaped</Filter>
    </ClCompile>
    <ClCompile Include="SceneManager\Scene\GameScene\Enemies\Enemy\BaseEnemyAction\StraightLine\StraightLine.cpp">
      <Filter>SceneManager\Scene\GameScene\Enemies\Enemy\BaseEnemyAction\StraightLine</Filter>
    </ClCompile>
    <ClCompile Include="SceneManager\Scene\GameScene\Player\Action\Autotomy\AutotomyObject.cpp">
      <Filter>SceneManager\Scene\GameScene\Player\Action\Autotomy</Filter>
    </ClCompile>
    <ClCompile Include="SceneManager\Scene\GameScene\Player\Action\BaseActionObject.cpp">
      <Filter>SceneManager\Scene\GameScene\Player\Action</Filter>
    </ClCompile>
    <ClCompile Include="SceneManager\Scene\GameScene\Player\Action\Avatar\AvatarObject.cpp">
      <Filter>SceneManager\Scene\GameScene\Player\Action\Avatar</Filter>
    </ClCompile>
    <ClCompile Include="SceneManager\Scene\GameScene\Player\Action\BaseAction.cpp">
      <Filter>SceneManager\Scene\GameScene\Player\Action</Filter>
    </ClCompile>
    <ClCompile Include="SceneManager\Scene\GameScene\Player\Action\Autotomy\AutotomyAction.cpp">
      <Filter>SceneManager\Scene\GameScene\Player\Action\Autotomy</Filter>
    </ClCompile>
    <ClCompile Include="SceneManager\Scene\GameScene\Player\Action\Avatar\AvatarAction.cpp">
      <Filter>SceneManager\Scene\GameScene\Player\Action\Avatar</Filter>
    </ClCompile>
    <ClCompile Include="SceneManager\Scene\GameScene\Player\UI\PlayerLife.cpp">
      <Filter>SceneManager\Scene\GameScene\Player\UI</Filter>
    </ClCompile>
  </ItemGroup>
  <ItemGroup>
    <ClInclude Include="Device\DirectXDevice\DirectXDevice.h">
      <Filter>Device\DirectXDevice</Filter>
    </ClInclude>
    <ClInclude Include="Device\DirectXDevices\DirectXDevices.h">
      <Filter>Device\DirectXDevices</Filter>
    </ClInclude>
    <ClInclude Include="Device\DirectXDevices\DeviceFactory\DeviceFactory.h">
      <Filter>Device\DirectXDevices\DeviceFactory</Filter>
    </ClInclude>
    <ClInclude Include="Device\DirectXGraphicDevice\DirectXGraphicDevice.h">
      <Filter>Device\DirectXGraphicDevice</Filter>
    </ClInclude>
    <ClInclude Include="Device\DirectXGraphicDevice\PresentParam\PresentParam.h">
      <Filter>Device\DirectXGraphicDevice\PresentParam</Filter>
    </ClInclude>
    <ClInclude Include="Device\DirectXInputDevice\DirectXInputDevice.h">
      <Filter>Device\DirectXInputDevice</Filter>
    </ClInclude>
    <ClInclude Include="GameBaseMaker\GameBaseMaker.h">
      <Filter>GameBaseMaker</Filter>
    </ClInclude>
    <ClInclude Include="GameBaseMaker\Graphics\Graphics.h">
      <Filter>GameBaseMaker\Graphics</Filter>
    </ClInclude>
    <ClInclude Include="GameBaseMaker\Graphics\ColorBlender\ColorBlender.h">
      <Filter>GameBaseMaker\Graphics\ColorBlender</Filter>
    </ClInclude>
    <ClInclude Include="GameBaseMaker\Graphics\Renderer\Renderer.h">
      <Filter>GameBaseMaker\Graphics\Renderer</Filter>
    </ClInclude>
    <ClInclude Include="GameBaseMaker\Graphics\Textures\Textures.h">
      <Filter>GameBaseMaker\Graphics\Textures</Filter>
    </ClInclude>
    <ClInclude Include="GameBaseMaker\Graphics\Textures\Texture\Texture.h">
      <Filter>GameBaseMaker\Graphics\Textures\Texture</Filter>
    </ClInclude>
    <ClInclude Include="GameBaseMaker\Input\Input.h">
      <Filter>GameBaseMaker\Input</Filter>
    </ClInclude>
    <ClInclude Include="GameBaseMaker\Input\InputDevice\InputDevice.h">
      <Filter>GameBaseMaker\Input\InputDevice</Filter>
    </ClInclude>
    <ClInclude Include="GameBaseMaker\Input\DirectXInput\Mouse.h">
      <Filter>GameBaseMaker\Input\DirectXInput</Filter>
    </ClInclude>
    <ClInclude Include="GameBaseMaker\Input\DirectXInput\Keyboard.h">
      <Filter>GameBaseMaker\Input\DirectXInput</Filter>
    </ClInclude>
    <ClInclude Include="GameBaseMaker\Color\Color.h">
      <Filter>GameBaseMaker\Color</Filter>
    </ClInclude>
    <ClInclude Include="GameBaseMaker\TextureUV\TextureUV.h">
      <Filter>GameBaseMaker\TextureUV</Filter>
    </ClInclude>
    <ClInclude Include="GameBaseMaker\Vertices\Vertices.h">
      <Filter>GameBaseMaker\Vertices</Filter>
    </ClInclude>
    <ClInclude Include="GameBaseMaker\Vertices\CustomVertices.h">
      <Filter>GameBaseMaker\Vertices</Filter>
    </ClInclude>
    <ClInclude Include="Wnd\Wnd.h">
      <Filter>Wnd</Filter>
    </ClInclude>
    <ClInclude Include="Wnd\Data\RectSize.h">
      <Filter>Wnd\Data</Filter>
    </ClInclude>
    <ClInclude Include="Singleton\Singleton.h">
      <Filter>Singleton</Filter>
    </ClInclude>
    <ClInclude Include="GameObjects\GameObjects.h">
      <Filter>GameObjects</Filter>
    </ClInclude>
    <ClInclude Include="GameObjects\GameObject\GameObject.h">
      <Filter>GameObjects\GameObject</Filter>
    </ClInclude>
    <ClInclude Include="SceneManager\SceneManager.h">
      <Filter>SceneManager</Filter>
    </ClInclude>
    <ClInclude Include="SceneManager\Scene\Scene.h">
      <Filter>SceneManager\Scene</Filter>
    </ClInclude>
    <ClInclude Include="SceneManager\Scene\TitleScene\TitleScene.h">
      <Filter>SceneManager\Scene\TitleScene</Filter>
    </ClInclude>
    <ClInclude Include="SceneManager\Scene\TitleScene\BackGround\TitleBackGround.h">
      <Filter>SceneManager\Scene\TitleScene\BackGround</Filter>
    </ClInclude>
    <ClInclude Include="SceneManager\Scene\TitleScene\Logo\TitleLogo.h">
      <Filter>SceneManager\Scene\TitleScene\Logo</Filter>
    </ClInclude>
    <ClInclude Include="SceneManager\Scene\TitleScene\Menu\TitleMenu.h">
      <Filter>SceneManager\Scene\TitleScene\Menu</Filter>
    </ClInclude>
    <ClInclude Include="GameBaseMaker\Sound\Sound.h">
      <Filter>GameBaseMaker\Sound</Filter>
    </ClInclude>
    <ClInclude Include="SceneManager\Scene\GameScene\GameScene.h">
      <Filter>SceneManager\Scene\GameScene</Filter>
    </ClInclude>
    <ClInclude Include="SceneManager\Scene\TitleScene\Bubbles\Bubbles.h">
      <Filter>SceneManager\Scene\TitleScene\Bubbles</Filter>
    </ClInclude>
    <ClInclude Include="SceneManager\Scene\GameScene\Camera\Camera.h">
      <Filter>SceneManager\Scene\GameScene\Camera</Filter>
    </ClInclude>
    <ClInclude Include="SceneManager\Scene\GameScene\Cell\BaseCell.h">
      <Filter>SceneManager\Scene\GameScene\Cell</Filter>
    </ClInclude>
    <ClInclude Include="SceneManager\Scene\GameScene\Cell\Block\BlockCell.h">
      <Filter>SceneManager\Scene\GameScene\Cell\Block</Filter>
    </ClInclude>
    <ClInclude Include="SceneManager\Scene\GameScene\Player\Player.h">
      <Filter>SceneManager\Scene\GameScene\Player</Filter>
    </ClInclude>
    <ClInclude Include="SceneManager\Scene\GameScene\Stage\Stage.h">
      <Filter>SceneManager\Scene\GameScene\Stage</Filter>
    </ClInclude>
    <ClInclude Include="SceneManager\Scene\GameScene\World\World.h">
      <Filter>SceneManager\Scene\GameScene\World</Filter>
    </ClInclude>
    <ClInclude Include="SceneManager\Scene\GameScene\Enemies\Enemies.h">
      <Filter>SceneManager\Scene\GameScene\Enemies</Filter>
    </ClInclude>
    <ClInclude Include="SceneManager\Scene\GameScene\Enemies\Enemy\Enemy.h">
      <Filter>SceneManager\Scene\GameScene\Enemies\Enemy</Filter>
    </ClInclude>
    <ClInclude Include="SceneManager\Scene\GameScene\Enum\Direction.h">
      <Filter>SceneManager\Scene\GameScene\Enum</Filter>
    </ClInclude>
    <ClInclude Include="SceneManager\Scene\GameScene\Enemies\Enemy\BaseEnemyAction\BaseEnemyAction.h">
      <Filter>SceneManager\Scene\GameScene\Enemies\Enemy\BaseEnemyAction</Filter>
    </ClInclude>
    <ClInclude Include="SceneManager\Scene\GameScene\Enemies\Enemy\BaseEnemyAction\Patorl\Patrol.h">
      <Filter>SceneManager\Scene\GameScene\Enemies\Enemy\BaseEnemyAction\Patrol</Filter>
    </ClInclude>
    <ClInclude Include="SceneManager\Scene\GameScene\Enemies\Enemy\BaseEnemyAction\L_Shaped\L_Shaped.h">
      <Filter>SceneManager\Scene\GameScene\Enemies\Enemy\BaseEnemyAction\L_Shaped</Filter>
    </ClInclude>
    <ClInclude Include="SceneManager\Scene\GameScene\Enemies\Enemy\BaseEnemyAction\StraightLine\StraightLine.h">
      <Filter>SceneManager\Scene\GameScene\Enemies\Enemy\BaseEnemyAction\StraightLine</Filter>
    </ClInclude>
    <ClInclude Include="SceneManager\Scene\GameScene\Player\Action\Autotomy\AutotomyObject.h">
      <Filter>SceneManager\Scene\GameScene\Player\Action\Autotomy</Filter>
    </ClInclude>
    <ClInclude Include="SceneManager\Scene\GameScene\Player\Action\BaseActionObject.h">
      <Filter>SceneManager\Scene\GameScene\Player\Action</Filter>
    </ClInclude>
    <ClInclude Include="SceneManager\Scene\GameScene\Player\Action\Avatar\AvatarObject.h">
      <Filter>SceneManager\Scene\GameScene\Player\Action\Avatar</Filter>
    </ClInclude>
    <ClInclude Include="SceneManager\Scene\GameScene\Player\Action\BaseAction.h">
      <Filter>SceneManager\Scene\GameScene\Player\Action</Filter>
    </ClInclude>
    <ClInclude Include="SceneManager\Scene\GameScene\Player\Action\Autotomy\AutotomyAction.h">
      <Filter>SceneManager\Scene\GameScene\Player\Action\Autotomy</Filter>
    </ClInclude>
    <ClInclude Include="SceneManager\Scene\GameScene\Player\Action\Avatar\AvatarAction.h">
      <Filter>SceneManager\Scene\GameScene\Player\Action\Avatar</Filter>
    </ClInclude>
    <ClInclude Include="SceneManager\Scene\GameScene\Player\UI\PlayerLife.h">
      <Filter>SceneManager\Scene\GameScene\Player\UI</Filter>
    </ClInclude>
  </ItemGroup>
</Project>